{
  "name": "obsBrowserPage",
  "lockfileVersion": 2,
  "requires": true,
  "packages": {
    "": {
      "devDependencies": {
        "@types/obs-studio": "^2.17.0",
        "typescript": "^4.7.4"
      }
    },
    "node_modules/@types/obs-studio": {
      "version": "2.17.0",
      "resolved": "https://registry.npmjs.org/@types/obs-studio/-/obs-studio-2.17.0.tgz",
      "integrity": "sha512-/xHSAZI/4mUbXkIpZp1t7INYmgfa6GoBRr47NZR4VbIIDPHdosTeg04HfKM8/qMPd4uVtxUZQ78Wd78cfRUk/A==",
      "dev": true
    },
    "node_modules/typescript": {
      "version": "4.7.4",
      "resolved": "https://registry.npmjs.org/typescript/-/typescript-4.7.4.tgz",
      "integrity": "sha512-C0WQT0gezHuw6AdY1M2jxUO83Rjf0HP7Sk1DtXj6j1EwkQNZrHAg2XPWlq62oqEhYvONq5pkC2Y9oPljWToLmQ==",
      "dev": true,
      "bin": {
        "tsc": "bin/tsc",
        "tsserver": "bin/tsserver"
      },
      "engines": {
        "node": ">=4.2.0"
      }
    }
  },
  "dependencies": {
    "@types/obs-studio": {
      "version": "2.17.0",
      "resolved": "https://registry.npmjs.org/@types/obs-studio/-/obs-studio-2.17.0.tgz",
      "integrity": "sha512-/xHSAZI/4mUbXkIpZp1t7INYmgfa6GoBRr47NZR4VbIIDPHdosTeg04HfKM8/qMPd4uVtxUZQ78Wd78cfRUk/A==",
      "dev": true
    },
    "typescript": {
      "version": "4.7.4",
      "resolved": "https://registry.npmjs.org/typescript/-/typescript-4.7.4.tgz",
      "integrity": "sha512-C0WQT0gezHuw6AdY1M2jxUO83Rjf0HP7Sk1DtXj6j1EwkQNZrHAg2XPWlq62oqEhYvONq5pkC2Y9oPljWToLmQ==",
      "dev": true
    }
  }
}
